
Microsoft Visual Studio Solution File, Format Version 12.00
# Visual Studio Version 17
VisualStudioVersion = 17.0.31903.59
MinimumVisualStudioVersion = 10.0.40219.1
Project("{FAE04EC0-301F-11D3-BF4B-00C04F79EFBC}") = "Sandbox", "Sandbox\Sandbox.csproj", "{FB36EC89-D1DD-48E8-9D84-8E7020210044}"
EndProject
Project("{FAE04EC0-301F-11D3-BF4B-00C04F79EFBC}") = "Transcriptor", "Transcriptor\Transcriptor.csproj", "{7559F05B-5B7C-4B8A-BAF9-AA1AC8251E0B}"
EndProject
Project("{FAE04EC0-301F-11D3-BF4B-00C04F79EFBC}") = "Transcriptor.HanguelRomanization", "Transcriptor.HanguelRomanization\Transcriptor.HanguelRomanization.csproj", "{CAA537C3-7427-CC5A-FACB-3A23ED4556E2}"
EndProject
Global
	GlobalSection(SolutionConfigurationPlatforms) = preSolution
		Debug|Any CPU = Debug|Any CPU
		Debug|x64 = Debug|x64
		Debug|x86 = Debug|x86
		Release|Any CPU = Release|Any CPU
		Release|x64 = Release|x64
		Release|x86 = Release|x86
	EndGlobalSection
	GlobalSection(ProjectConfigurationPlatforms) = postSolution
		{FB36EC89-D1DD-48E8-9D84-8E7020210044}.Debug|Any CPU.ActiveCfg = Debug|Any CPU
		{FB36EC89-D1DD-48E8-9D84-8E7020210044}.Debug|Any CPU.Build.0 = Debug|Any CPU
		{FB36EC89-D1DD-48E8-9D84-8E7020210044}.Debug|x64.ActiveCfg = Debug|Any CPU
		{FB36EC89-D1DD-48E8-9D84-8E7020210044}.Debug|x64.Build.0 = Debug|Any CPU
		{FB36EC89-D1DD-48E8-9D84-8E7020210044}.Debug|x86.ActiveCfg = Debug|Any CPU
		{FB36EC89-D1DD-48E8-9D84-8E7020210044}.Debug|x86.Build.0 = Debug|Any CPU
		{FB36EC89-D1DD-48E8-9D84-8E7020210044}.Release|Any CPU.ActiveCfg = Release|Any CPU
		{FB36EC89-D1DD-48E8-9D84-8E7020210044}.Release|Any CPU.Build.0 = Release|Any CPU
		{FB36EC89-D1DD-48E8-9D84-8E7020210044}.Release|x64.ActiveCfg = Release|Any CPU
		{FB36EC89-D1DD-48E8-9D84-8E7020210044}.Release|x64.Build.0 = Release|Any CPU
		{FB36EC89-D1DD-48E8-9D84-8E7020210044}.Release|x86.ActiveCfg = Release|Any CPU
		{FB36EC89-D1DD-48E8-9D84-8E7020210044}.Release|x86.Build.0 = Release|Any CPU
		{7559F05B-5B7C-4B8A-BAF9-AA1AC8251E0B}.Debug|Any CPU.ActiveCfg = Debug|Any CPU
		{7559F05B-5B7C-4B8A-BAF9-AA1AC8251E0B}.Debug|Any CPU.Build.0 = Debug|Any CPU
		{7559F05B-5B7C-4B8A-BAF9-AA1AC8251E0B}.Debug|x64.ActiveCfg = Debug|Any CPU
		{7559F05B-5B7C-4B8A-BAF9-AA1AC8251E0B}.Debug|x64.Build.0 = Debug|Any CPU
		{7559F05B-5B7C-4B8A-BAF9-AA1AC8251E0B}.Debug|x86.ActiveCfg = Debug|Any CPU
		{7559F05B-5B7C-4B8A-BAF9-AA1AC8251E0B}.Debug|x86.Build.0 = Debug|Any CPU
		{7559F05B-5B7C-4B8A-BAF9-AA1AC8251E0B}.Release|Any CPU.ActiveCfg = Release|Any CPU
		{7559F05B-5B7C-4B8A-BAF9-AA1AC8251E0B}.Release|Any CPU.Build.0 = Release|Any CPU
		{7559F05B-5B7C-4B8A-BAF9-AA1AC8251E0B}.Release|x64.ActiveCfg = Release|Any CPU
		{7559F05B-5B7C-4B8A-BAF9-AA1AC8251E0B}.Release|x64.Build.0 = Release|Any CPU
		{7559F05B-5B7C-4B8A-BAF9-AA1AC8251E0B}.Release|x86.ActiveCfg = Release|Any CPU
		{7559F05B-5B7C-4B8A-BAF9-AA1AC8251E0B}.Release|x86.Build.0 = Release|Any CPU
		{CAA537C3-7427-CC5A-FACB-3A23ED4556E2}.Debug|Any CPU.ActiveCfg = Debug|Any CPU
		{CAA537C3-7427-CC5A-FACB-3A23ED4556E2}.Debug|Any CPU.Build.0 = Debug|Any CPU
		{CAA537C3-7427-CC5A-FACB-3A23ED4556E2}.Debug|x64.ActiveCfg = Debug|Any CPU
		{CAA537C3-7427-CC5A-FACB-3A23ED4556E2}.Debug|x64.Build.0 = Debug|Any CPU
		{CAA537C3-7427-CC5A-FACB-3A23ED4556E2}.Debug|x86.ActiveCfg = Debug|Any CPU
		{CAA537C3-7427-CC5A-FACB-3A23ED4556E2}.Debug|x86.Build.0 = Debug|Any CPU
		{CAA537C3-7427-CC5A-FACB-3A23ED4556E2}.Release|Any CPU.ActiveCfg = Release|Any CPU
		{CAA537C3-7427-CC5A-FACB-3A23ED4556E2}.Release|Any CPU.Build.0 = Release|Any CPU
		{CAA537C3-7427-CC5A-FACB-3A23ED4556E2}.Release|x64.ActiveCfg = Release|Any CPU
		{CAA537C3-7427-CC5A-FACB-3A23ED4556E2}.Release|x64.Build.0 = Release|Any CPU
		{CAA537C3-7427-CC5A-FACB-3A23ED4556E2}.Release|x86.ActiveCfg = Release|Any CPU
		{CAA537C3-7427-CC5A-FACB-3A23ED4556E2}.Release|x86.Build.0 = Release|Any CPU
	EndGlobalSection
	GlobalSection(SolutionProperties) = preSolution
		HideSolutionNode = FALSE
	EndGlobalSection
	GlobalSection(ExtensibilityGlobals) = postSolution
		SolutionGuid = {66E08663-F6EC-4DCD-9E1E-9C881373F232}
	EndGlobalSection
EndGlobal
